
Microsoft Visual Studio Solution File, Format Version 12.00
# Visual Studio Version 17
VisualStudioVersion = 17.2.32526.322
MinimumVisualStudioVersion = 10.0.40219.1
Project("{061FB609-8D90-480B-A3F5-3C4E9345C31B}") = "fmp-xtc-meemake-lib-mvcs", "fmp-xtc-meemake-lib-mvcs\fmp-xtc-meemake-lib-mvcs.csproj", "{7A67310A-A4FA-49E2-85D0-75F8B51FAE6B}"
EndProject
Project("{061FB609-8D90-480B-A3F5-3C4E9345C31B}") = "fmp-xtc-meemake-lib-mvcs_Test", "fmp-xtc-meemake-lib-mvcs_Test\fmp-xtc-meemake-lib-mvcs_Test.csproj", "{B0352711-05AA-40E5-9012-EBCA38AE3F61}"
EndProject
Project("{061FB609-8D90-480B-A3F5-3C4E9345C31B}") = "fmp-xtc-meemake-lib-proto", "fmp-xtc-meemake-lib-proto\fmp-xtc-meemake-lib-proto.csproj", "{380AC10D-D76E-4C51-B59D-8D847A904D88}"
EndProject
Project("{061FB609-8D90-480B-A3F5-3C4E9345C31B}") = "fmp-xtc-meemake-lib-bridge", "fmp-xtc-meemake-lib-bridge\fmp-xtc-meemake-lib-bridge.csproj", "{7F743463-75FF-47F0-87CD-DFD36ED0F7E5}"
EndProject
Project("{061FB609-8D90-480B-A3F5-3C4E9345C31B}") = "fmp-xtc-meemake-lib-razor", "fmp-xtc-meemake-lib-razor\fmp-xtc-meemake-lib-razor.csproj", "{E708C900-038E-4DDE-89A7-A0852BB4FAB7}"
EndProject
Project("{061FB609-8D90-480B-A3F5-3C4E9345C31B}") = "fmp-xtc-meemake-service-grpc", "fmp-xtc-meemake-service-grpc\fmp-xtc-meemake-service-grpc.csproj", "{1810ADDE-A2D9-4C59-A9E9-A32E58AA489B}"
EndProject
Project("{061FB609-8D90-480B-A3F5-3C4E9345C31B}") = "fmp-xtc-meemake-service-grpc_Test", "fmp-xtc-meemake-service-grpc_Test\fmp-xtc-meemake-service-grpc_Test.csproj", "{7E5D372F-6D19-4E52-A7C6-385015793510}"
EndProject
Project("{061FB609-8D90-480B-A3F5-3C4E9345C31B}") = "fmp-xtc-meemake-web-blazor", "fmp-xtc-meemake-web-blazor\fmp-xtc-meemake-web-blazor.csproj", "{90DF4C2D-9684-4CA3-8A21-B0A3A7F47A17}"
EndProject
Global
	GlobalSection(SolutionConfigurationPlatforms) = preSolution
		Debug|Any CPU = Debug|Any CPU
		Release|Any CPU = Release|Any CPU
	EndGlobalSection
	GlobalSection(ProjectConfigurationPlatforms) = postSolution
                {7A67310A-A4FA-49E2-85D0-75F8B51FAE6B}.Debug|Any CPU.ActiveCfg = Debug|Any CPU
		{7A67310A-A4FA-49E2-85D0-75F8B51FAE6B}.Debug|Any CPU.Build.0 = Debug|Any CPU
		{7A67310A-A4FA-49E2-85D0-75F8B51FAE6B}.Release|Any CPU.ActiveCfg = Release|Any CPU
		{7A67310A-A4FA-49E2-85D0-75F8B51FAE6B}.Release|Any CPU.Build.0 = Release|Any CPU
		{B0352711-05AA-40E5-9012-EBCA38AE3F61}.Debug|Any CPU.ActiveCfg = Debug|Any CPU
		{B0352711-05AA-40E5-9012-EBCA38AE3F61}.Debug|Any CPU.Build.0 = Debug|Any CPU
		{B0352711-05AA-40E5-9012-EBCA38AE3F61}.Release|Any CPU.ActiveCfg = Release|Any CPU
		{B0352711-05AA-40E5-9012-EBCA38AE3F61}.Release|Any CPU.Build.0 = Release|Any CPU
		{380AC10D-D76E-4C51-B59D-8D847A904D88}.Debug|Any CPU.ActiveCfg = Debug|Any CPU
		{380AC10D-D76E-4C51-B59D-8D847A904D88}.Debug|Any CPU.Build.0 = Debug|Any CPU
		{380AC10D-D76E-4C51-B59D-8D847A904D88}.Release|Any CPU.ActiveCfg = Release|Any CPU
		{380AC10D-D76E-4C51-B59D-8D847A904D88}.Release|Any CPU.Build.0 = Release|Any CPU
		{1810ADDE-A2D9-4C59-A9E9-A32E58AA489B}.Debug|Any CPU.ActiveCfg = Debug|Any CPU
		{1810ADDE-A2D9-4C59-A9E9-A32E58AA489B}.Debug|Any CPU.Build.0 = Debug|Any CPU
		{1810ADDE-A2D9-4C59-A9E9-A32E58AA489B}.Release|Any CPU.ActiveCfg = Release|Any CPU
		{1810ADDE-A2D9-4C59-A9E9-A32E58AA489B}.Release|Any CPU.Build.0 = Release|Any CPU
		{7F743463-75FF-47F0-87CD-DFD36ED0F7E5}.Debug|Any CPU.ActiveCfg = Debug|Any CPU
		{7F743463-75FF-47F0-87CD-DFD36ED0F7E5}.Debug|Any CPU.Build.0 = Debug|Any CPU
		{7F743463-75FF-47F0-87CD-DFD36ED0F7E5}.Release|Any CPU.ActiveCfg = Release|Any CPU
		{7F743463-75FF-47F0-87CD-DFD36ED0F7E5}.Release|Any CPU.Build.0 = Release|Any CPU
		{90DF4C2D-9684-4CA3-8A21-B0A3A7F47A17}.Debug|Any CPU.ActiveCfg = Debug|Any CPU
		{90DF4C2D-9684-4CA3-8A21-B0A3A7F47A17}.Debug|Any CPU.Build.0 = Debug|Any CPU
		{90DF4C2D-9684-4CA3-8A21-B0A3A7F47A17}.Release|Any CPU.ActiveCfg = Release|Any CPU
		{90DF4C2D-9684-4CA3-8A21-B0A3A7F47A17}.Release|Any CPU.Build.0 = Release|Any CPU
		{E708C900-038E-4DDE-89A7-A0852BB4FAB7}.Debug|Any CPU.ActiveCfg = Debug|Any CPU
		{E708C900-038E-4DDE-89A7-A0852BB4FAB7}.Debug|Any CPU.Build.0 = Debug|Any CPU
		{E708C900-038E-4DDE-89A7-A0852BB4FAB7}.Release|Any CPU.ActiveCfg = Release|Any CPU
		{E708C900-038E-4DDE-89A7-A0852BB4FAB7}.Release|Any CPU.Build.0 = Release|Any CPU
		{7E5D372F-6D19-4E52-A7C6-385015793510}.Debug|Any CPU.ActiveCfg = Debug|Any CPU
		{7E5D372F-6D19-4E52-A7C6-385015793510}.Debug|Any CPU.Build.0 = Debug|Any CPU
		{7E5D372F-6D19-4E52-A7C6-385015793510}.Release|Any CPU.ActiveCfg = Release|Any CPU
		{7E5D372F-6D19-4E52-A7C6-385015793510}.Release|Any CPU.Build.0 = Release|Any CPU
	EndGlobalSection
	GlobalSection(SolutionProperties) = preSolution
		HideSolutionNode = FALSE
	EndGlobalSection
	GlobalSection(ExtensibilityGlobals) = postSolution
		SolutionGuid = {061FB609-8D90-480B-A3F5-3C4E9345C31B}
	EndGlobalSection
EndGlobal
